
Microsoft Visual Studio Solution File, Format Version 12.00
# Visual Studio 15
VisualStudioVersion = 15.0.26124.0
MinimumVisualStudioVersion = 15.0.26124.0
Project("{FAE04EC0-301F-11D3-BF4B-00C04F79EFBC}") = "DiskDeliveryWeb.Models", "DiskDeliveryWeb.Models\DiskDeliveryWeb.Models.csproj", "{50DC0C32-DC54-4022-87E2-59B417BCAD96}"
EndProject
Project("{FAE04EC0-301F-11D3-BF4B-00C04F79EFBC}") = "DiskDeliveryWeb.WebApp", "DiskDeliveryWeb.WebApp\DiskDeliveryWeb.WebApp.csproj", "{FAE041EC-1690-4ED8-92FC-AEEA472A283D}"
EndProject
Project("{FAE04EC0-301F-11D3-BF4B-00C04F79EFBC}") = "DiskDeliveryWeb.Data", "DiskDeliveryWeb.Data\DiskDeliveryWeb.Data.csproj", "{62AC069B-1B17-44E8-919E-F82AD8B7E130}"
EndProject
Project("{FAE04EC0-301F-11D3-BF4B-00C04F79EFBC}") = "DiskDeliveryWeb.DataIdentity", "DiskDeliveryWeb.DataIdentity\DiskDeliveryWeb.DataIdentity.csproj", "{AF8DD4BC-EBC5-424D-B37D-4182B287432C}"
EndProject
Global
	GlobalSection(SolutionConfigurationPlatforms) = preSolution
		Debug|Any CPU = Debug|Any CPU
		Debug|x64 = Debug|x64
		Debug|x86 = Debug|x86
		Release|Any CPU = Release|Any CPU
		Release|x64 = Release|x64
		Release|x86 = Release|x86
	EndGlobalSection
	GlobalSection(SolutionProperties) = preSolution
		HideSolutionNode = FALSE
	EndGlobalSection
	GlobalSection(ProjectConfigurationPlatforms) = postSolution
		{50DC0C32-DC54-4022-87E2-59B417BCAD96}.Debug|Any CPU.ActiveCfg = Debug|Any CPU
		{50DC0C32-DC54-4022-87E2-59B417BCAD96}.Debug|Any CPU.Build.0 = Debug|Any CPU
		{50DC0C32-DC54-4022-87E2-59B417BCAD96}.Debug|x64.ActiveCfg = Debug|Any CPU
		{50DC0C32-DC54-4022-87E2-59B417BCAD96}.Debug|x64.Build.0 = Debug|Any CPU
		{50DC0C32-DC54-4022-87E2-59B417BCAD96}.Debug|x86.ActiveCfg = Debug|Any CPU
		{50DC0C32-DC54-4022-87E2-59B417BCAD96}.Debug|x86.Build.0 = Debug|Any CPU
		{50DC0C32-DC54-4022-87E2-59B417BCAD96}.Release|Any CPU.ActiveCfg = Release|Any CPU
		{50DC0C32-DC54-4022-87E2-59B417BCAD96}.Release|Any CPU.Build.0 = Release|Any CPU
		{50DC0C32-DC54-4022-87E2-59B417BCAD96}.Release|x64.ActiveCfg = Release|Any CPU
		{50DC0C32-DC54-4022-87E2-59B417BCAD96}.Release|x64.Build.0 = Release|Any CPU
		{50DC0C32-DC54-4022-87E2-59B417BCAD96}.Release|x86.ActiveCfg = Release|Any CPU
		{50DC0C32-DC54-4022-87E2-59B417BCAD96}.Release|x86.Build.0 = Release|Any CPU
		{FAE041EC-1690-4ED8-92FC-AEEA472A283D}.Debug|Any CPU.ActiveCfg = Debug|Any CPU
		{FAE041EC-1690-4ED8-92FC-AEEA472A283D}.Debug|Any CPU.Build.0 = Debug|Any CPU
		{FAE041EC-1690-4ED8-92FC-AEEA472A283D}.Debug|x64.ActiveCfg = Debug|Any CPU
		{FAE041EC-1690-4ED8-92FC-AEEA472A283D}.Debug|x64.Build.0 = Debug|Any CPU
		{FAE041EC-1690-4ED8-92FC-AEEA472A283D}.Debug|x86.ActiveCfg = Debug|Any CPU
		{FAE041EC-1690-4ED8-92FC-AEEA472A283D}.Debug|x86.Build.0 = Debug|Any CPU
		{FAE041EC-1690-4ED8-92FC-AEEA472A283D}.Release|Any CPU.ActiveCfg = Release|Any CPU
		{FAE041EC-1690-4ED8-92FC-AEEA472A283D}.Release|Any CPU.Build.0 = Release|Any CPU
		{FAE041EC-1690-4ED8-92FC-AEEA472A283D}.Release|x64.ActiveCfg = Release|Any CPU
		{FAE041EC-1690-4ED8-92FC-AEEA472A283D}.Release|x64.Build.0 = Release|Any CPU
		{FAE041EC-1690-4ED8-92FC-AEEA472A283D}.Release|x86.ActiveCfg = Release|Any CPU
		{FAE041EC-1690-4ED8-92FC-AEEA472A283D}.Release|x86.Build.0 = Release|Any CPU
		{62AC069B-1B17-44E8-919E-F82AD8B7E130}.Debug|Any CPU.ActiveCfg = Debug|Any CPU
		{62AC069B-1B17-44E8-919E-F82AD8B7E130}.Debug|Any CPU.Build.0 = Debug|Any CPU
		{62AC069B-1B17-44E8-919E-F82AD8B7E130}.Debug|x64.ActiveCfg = Debug|Any CPU
		{62AC069B-1B17-44E8-919E-F82AD8B7E130}.Debug|x64.Build.0 = Debug|Any CPU
		{62AC069B-1B17-44E8-919E-F82AD8B7E130}.Debug|x86.ActiveCfg = Debug|Any CPU
		{62AC069B-1B17-44E8-919E-F82AD8B7E130}.Debug|x86.Build.0 = Debug|Any CPU
		{62AC069B-1B17-44E8-919E-F82AD8B7E130}.Release|Any CPU.ActiveCfg = Release|Any CPU
		{62AC069B-1B17-44E8-919E-F82AD8B7E130}.Release|Any CPU.Build.0 = Release|Any CPU
		{62AC069B-1B17-44E8-919E-F82AD8B7E130}.Release|x64.ActiveCfg = Release|Any CPU
		{62AC069B-1B17-44E8-919E-F82AD8B7E130}.Release|x64.Build.0 = Release|Any CPU
		{62AC069B-1B17-44E8-919E-F82AD8B7E130}.Release|x86.ActiveCfg = Release|Any CPU
		{62AC069B-1B17-44E8-919E-F82AD8B7E130}.Release|x86.Build.0 = Release|Any CPU
		{AF8DD4BC-EBC5-424D-B37D-4182B287432C}.Debug|Any CPU.ActiveCfg = Debug|Any CPU
		{AF8DD4BC-EBC5-424D-B37D-4182B287432C}.Debug|Any CPU.Build.0 = Debug|Any CPU
		{AF8DD4BC-EBC5-424D-B37D-4182B287432C}.Debug|x64.ActiveCfg = Debug|Any CPU
		{AF8DD4BC-EBC5-424D-B37D-4182B287432C}.Debug|x64.Build.0 = Debug|Any CPU
		{AF8DD4BC-EBC5-424D-B37D-4182B287432C}.Debug|x86.ActiveCfg = Debug|Any CPU
		{AF8DD4BC-EBC5-424D-B37D-4182B287432C}.Debug|x86.Build.0 = Debug|Any CPU
		{AF8DD4BC-EBC5-424D-B37D-4182B287432C}.Release|Any CPU.ActiveCfg = Release|Any CPU
		{AF8DD4BC-EBC5-424D-B37D-4182B287432C}.Release|Any CPU.Build.0 = Release|Any CPU
		{AF8DD4BC-EBC5-424D-B37D-4182B287432C}.Release|x64.ActiveCfg = Release|Any CPU
		{AF8DD4BC-EBC5-424D-B37D-4182B287432C}.Release|x64.Build.0 = Release|Any CPU
		{AF8DD4BC-EBC5-424D-B37D-4182B287432C}.Release|x86.ActiveCfg = Release|Any CPU
		{AF8DD4BC-EBC5-424D-B37D-4182B287432C}.Release|x86.Build.0 = Release|Any CPU
	EndGlobalSection
EndGlobal
